
Microsoft Visual Studio Solution File, Format Version 12.00
# Visual Studio Version 17
VisualStudioVersion = 17.2.32616.157
MinimumVisualStudioVersion = 10.0.40219.1
Project("{FAE04EC0-301F-11D3-BF4B-00C04F79EFBC}") = "SCAWithRoslynAnalyzers", "SCAWithRoslynAnalyzers\SCAWithRoslynAnalyzers.csproj", "{C0EF8E21-9376-47A2-96A5-B399210D0973}"
EndProject
Global
	GlobalSection(SolutionConfigurationPlatforms) = preSolution
		Debug|Any CPU = Debug|Any CPU
		Release|Any CPU = Release|Any CPU
	EndGlobalSection
	GlobalSection(ProjectConfigurationPlatforms) = postSolution
		{C0EF8E21-9376-47A2-96A5-B399210D0973}.Debug|Any CPU.ActiveCfg = Debug|Any CPU
		{C0EF8E21-9376-47A2-96A5-B399210D0973}.Debug|Any CPU.Build.0 = Debug|Any CPU
		{C0EF8E21-9376-47A2-96A5-B399210D0973}.Release|Any CPU.ActiveCfg = Release|Any CPU
		{C0EF8E21-9376-47A2-96A5-B399210D0973}.Release|Any CPU.Build.0 = Release|Any CPU
	EndGlobalSection
	GlobalSection(SolutionProperties) = preSolution
		HideSolutionNode = FALSE
	EndGlobalSection
	GlobalSection(ExtensibilityGlobals) = postSolution
		SolutionGuid = {426C5ED2-E1AA-4C6B-B76F-B9F1C10A9965}
	EndGlobalSection
EndGlobal
